
Microsoft Visual Studio Solution File, Format Version 12.00
# Visual Studio Version 17
VisualStudioVersion = 17.5.002.0
MinimumVisualStudioVersion = 10.0.40219.1
Project("{9A19103F-16F7-4668-BE54-9A1E7A4F7556}") = "AtividadeCaixaEletronico", "AtividadeCaixaEletronico.csproj", "{CE2881B3-9D03-4575-91F4-BCBC5C30A00C}"
EndProject
Global
	GlobalSection(SolutionConfigurationPlatforms) = preSolution
		Debug|Any CPU = Debug|Any CPU
		Release|Any CPU = Release|Any CPU
	EndGlobalSection
	GlobalSection(ProjectConfigurationPlatforms) = postSolution
		{CE2881B3-9D03-4575-91F4-BCBC5C30A00C}.Debug|Any CPU.ActiveCfg = Debug|Any CPU
		{CE2881B3-9D03-4575-91F4-BCBC5C30A00C}.Debug|Any CPU.Build.0 = Debug|Any CPU
		{CE2881B3-9D03-4575-91F4-BCBC5C30A00C}.Release|Any CPU.ActiveCfg = Release|Any CPU
		{CE2881B3-9D03-4575-91F4-BCBC5C30A00C}.Release|Any CPU.Build.0 = Release|Any CPU
	EndGlobalSection
	GlobalSection(SolutionProperties) = preSolution
		HideSolutionNode = FALSE
	EndGlobalSection
	GlobalSection(ExtensibilityGlobals) = postSolution
		SolutionGuid = {4D4EC745-ABAE-4DDC-95FB-BCCAD9341CB6}
	EndGlobalSection
EndGlobal
